// !$*UTF8*$!
{
	archiveVersion = 1;
	classes = {
	};
	objectVersion = 56;
	objects = {

/* Begin PBXBuildFile section */
		2700B79A2BB0822B007D2C3D /* MovieDetailsViewModelTests.swift in Sources */ = {isa = PBXBuildFile; fileRef = 2700B7992BB0822B007D2C3D /* MovieDetailsViewModelTests.swift */; };
		2700B79C2BB0862C007D2C3D /* MovieClientMock.swift in Sources */ = {isa = PBXBuildFile; fileRef = 2700B79B2BB0862C007D2C3D /* MovieClientMock.swift */; };
		273AA60F2BADCEF500385317 /* CinematrixApp.swift in Sources */ = {isa = PBXBuildFile; fileRef = 273AA60E2BADCEF500385317 /* CinematrixApp.swift */; };
		273AA6112BADCEF500385317 /* Persistence.swift in Sources */ = {isa = PBXBuildFile; fileRef = 273AA6102BADCEF500385317 /* Persistence.swift */; };
		273AA6182BADCEF600385317 /* Assets.xcassets in Resources */ = {isa = PBXBuildFile; fileRef = 273AA6172BADCEF600385317 /* Assets.xcassets */; };
		273AA61C2BADCEF600385317 /* Preview Assets.xcassets in Resources */ = {isa = PBXBuildFile; fileRef = 273AA61B2BADCEF600385317 /* Preview Assets.xcassets */; };
		27C9BA682BADD8780068E9A4 /* MovieResponseDTO.swift in Sources */ = {isa = PBXBuildFile; fileRef = 27C9BA672BADD8780068E9A4 /* MovieResponseDTO.swift */; };
		27C9BA6D2BADD88A0068E9A4 /* MovieSummary.swift in Sources */ = {isa = PBXBuildFile; fileRef = 27C9BA6C2BADD88A0068E9A4 /* MovieSummary.swift */; };
		27C9BA702BADD8B50068E9A4 /* NetworkClient.swift in Sources */ = {isa = PBXBuildFile; fileRef = 27C9BA6E2BADD8B50068E9A4 /* NetworkClient.swift */; };
		27C9BA712BADD8B50068E9A4 /* NetworkManager.swift in Sources */ = {isa = PBXBuildFile; fileRef = 27C9BA6F2BADD8B50068E9A4 /* NetworkManager.swift */; };
		27C9BA742BADDA0E0068E9A4 /* MovieClient.swift in Sources */ = {isa = PBXBuildFile; fileRef = 27C9BA732BADDA0E0068E9A4 /* MovieClient.swift */; };
		27C9BA762BADDBA00068E9A4 /* ErrorResponseDTO.swift in Sources */ = {isa = PBXBuildFile; fileRef = 27C9BA752BADDBA00068E9A4 /* ErrorResponseDTO.swift */; };
		27C9BA782BADDBEA0068E9A4 /* PopularMovieCell.swift in Sources */ = {isa = PBXBuildFile; fileRef = 27C9BA772BADDBEA0068E9A4 /* PopularMovieCell.swift */; };
		27C9BA7B2BADDC1F0068E9A4 /* PopularMovieListView.swift in Sources */ = {isa = PBXBuildFile; fileRef = 27C9BA792BADDC1F0068E9A4 /* PopularMovieListView.swift */; };
		27C9BA7C2BADDC1F0068E9A4 /* PopularMoviesViewModel.swift in Sources */ = {isa = PBXBuildFile; fileRef = 27C9BA7A2BADDC1F0068E9A4 /* PopularMoviesViewModel.swift */; };
		27C9BA7F2BADDC7A0068E9A4 /* Nuke in Frameworks */ = {isa = PBXBuildFile; productRef = 27C9BA7E2BADDC7A0068E9A4 /* Nuke */; };
		27C9BA812BADDC7A0068E9A4 /* NukeUI in Frameworks */ = {isa = PBXBuildFile; productRef = 27C9BA802BADDC7A0068E9A4 /* NukeUI */; };
		27C9BA872BADDCA80068E9A4 /* LazyImageWrapperView.swift in Sources */ = {isa = PBXBuildFile; fileRef = 27C9BA842BADDCA80068E9A4 /* LazyImageWrapperView.swift */; };
		27C9BA882BADDCA80068E9A4 /* PositionObservingView.swift in Sources */ = {isa = PBXBuildFile; fileRef = 27C9BA852BADDCA80068E9A4 /* PositionObservingView.swift */; };
		27C9BA8B2BADDCE10068E9A4 /* LozalizableStrings.swift in Sources */ = {isa = PBXBuildFile; fileRef = 27C9BA8A2BADDCE10068E9A4 /* LozalizableStrings.swift */; };
		27C9BA8E2BADDD590068E9A4 /* Localizable.xcstrings in Resources */ = {isa = PBXBuildFile; fileRef = 27C9BA8D2BADDD590068E9A4 /* Localizable.xcstrings */; };
		27C9BA922BADF0CC0068E9A4 /* BaseRepository.swift in Sources */ = {isa = PBXBuildFile; fileRef = 27C9BA912BADF0CC0068E9A4 /* BaseRepository.swift */; };
		27C9BA942BADF0D40068E9A4 /* Movie.swift in Sources */ = {isa = PBXBuildFile; fileRef = 27C9BA932BADF0D40068E9A4 /* Movie.swift */; };
		27C9BA962BADF1AC0068E9A4 /* MovieRepository.swift in Sources */ = {isa = PBXBuildFile; fileRef = 27C9BA952BADF1AC0068E9A4 /* MovieRepository.swift */; };
		27C9BA992BADF81B0068E9A4 /* MovieService.swift in Sources */ = {isa = PBXBuildFile; fileRef = 27C9BA982BADF81B0068E9A4 /* MovieService.swift */; };
		27C9BA9F2BAE02EF0068E9A4 /* MovieListMetaData.swift in Sources */ = {isa = PBXBuildFile; fileRef = 27C9BA9E2BAE02EF0068E9A4 /* MovieListMetaData.swift */; };
		27C9BAA12BAE048E0068E9A4 /* UserDefaultWrapper.swift in Sources */ = {isa = PBXBuildFile; fileRef = 27C9BAA02BAE048E0068E9A4 /* UserDefaultWrapper.swift */; };
		27C9BAA42BAE090B0068E9A4 /* Cinematrix.xcdatamodeld in Sources */ = {isa = PBXBuildFile; fileRef = 27C9BAA22BAE090B0068E9A4 /* Cinematrix.xcdatamodeld */; };
		27C9BAAA2BAE16550068E9A4 /* MovieDetailsViewContent.swift in Sources */ = {isa = PBXBuildFile; fileRef = 27C9BAA62BAE16550068E9A4 /* MovieDetailsViewContent.swift */; };
		27C9BAAB2BAE16550068E9A4 /* MovieDetailsViewModel.swift in Sources */ = {isa = PBXBuildFile; fileRef = 27C9BAA72BAE16550068E9A4 /* MovieDetailsViewModel.swift */; };
		27C9BAAD2BAE16550068E9A4 /* MovieDetailsView.swift in Sources */ = {isa = PBXBuildFile; fileRef = 27C9BAA92BAE16550068E9A4 /* MovieDetailsView.swift */; };
		27C9BAAF2BAE16940068E9A4 /* MovieDetails.swift in Sources */ = {isa = PBXBuildFile; fileRef = 27C9BAAE2BAE16940068E9A4 /* MovieDetails.swift */; };
		27C9BAB12BAE16B00068E9A4 /* MovieDetailsResponseDTO.swift in Sources */ = {isa = PBXBuildFile; fileRef = 27C9BAB02BAE16B00068E9A4 /* MovieDetailsResponseDTO.swift */; };
		27C9BAB32BAE17920068E9A4 /* BorderedText.swift in Sources */ = {isa = PBXBuildFile; fileRef = 27C9BAB22BAE17920068E9A4 /* BorderedText.swift */; };
		27C9BAB52BAE41B70068E9A4 /* MovieCastListView.swift in Sources */ = {isa = PBXBuildFile; fileRef = 27C9BAB42BAE41B70068E9A4 /* MovieCastListView.swift */; };
		27C9BAB72BAF323B0068E9A4 /* MovieBackdropsView.swift in Sources */ = {isa = PBXBuildFile; fileRef = 27C9BAB62BAF323B0068E9A4 /* MovieBackdropsView.swift */; };
		27C9BAB92BAF33330068E9A4 /* MovieGeneralInfoView.swift in Sources */ = {isa = PBXBuildFile; fileRef = 27C9BAB82BAF33330068E9A4 /* MovieGeneralInfoView.swift */; };
		27C9BAC12BB077EF0068E9A4 /* PopularMoviesViewModelTests.swift in Sources */ = {isa = PBXBuildFile; fileRef = 27C9BAC02BB077EE0068E9A4 /* PopularMoviesViewModelTests.swift */; };
		27C9BAC42BB081930068E9A4 /* MockMovieProvider.swift in Sources */ = {isa = PBXBuildFile; fileRef = 27C9BAC32BB081930068E9A4 /* MockMovieProvider.swift */; };
/* End PBXBuildFile section */

/* Begin PBXContainerItemProxy section */
		273AA6222BADCEF600385317 /* PBXContainerItemProxy */ = {
			isa = PBXContainerItemProxy;
			containerPortal = 273AA6032BADCEF500385317 /* Project object */;
			proxyType = 1;
			remoteGlobalIDString = 273AA60A2BADCEF500385317;
			remoteInfo = Cinematrix;
		};
/* End PBXContainerItemProxy section */

/* Begin PBXFileReference section */
		2700B7992BB0822B007D2C3D /* MovieDetailsViewModelTests.swift */ = {isa = PBXFileReference; lastKnownFileType = sourcecode.swift; path = MovieDetailsViewModelTests.swift; sourceTree = "<group>"; };
		2700B79B2BB0862C007D2C3D /* MovieClientMock.swift */ = {isa = PBXFileReference; lastKnownFileType = sourcecode.swift; path = MovieClientMock.swift; sourceTree = "<group>"; };
		273AA60B2BADCEF500385317 /* Cinematrix.app */ = {isa = PBXFileReference; explicitFileType = wrapper.application; includeInIndex = 0; path = Cinematrix.app; sourceTree = BUILT_PRODUCTS_DIR; };
		273AA60E2BADCEF500385317 /* CinematrixApp.swift */ = {isa = PBXFileReference; lastKnownFileType = sourcecode.swift; path = CinematrixApp.swift; sourceTree = "<group>"; };
		273AA6102BADCEF500385317 /* Persistence.swift */ = {isa = PBXFileReference; lastKnownFileType = sourcecode.swift; path = Persistence.swift; sourceTree = "<group>"; };
		273AA6172BADCEF600385317 /* Assets.xcassets */ = {isa = PBXFileReference; lastKnownFileType = folder.assetcatalog; path = Assets.xcassets; sourceTree = "<group>"; };
		273AA6192BADCEF600385317 /* Cinematrix.entitlements */ = {isa = PBXFileReference; lastKnownFileType = text.plist.entitlements; path = Cinematrix.entitlements; sourceTree = "<group>"; };
		273AA61B2BADCEF600385317 /* Preview Assets.xcassets */ = {isa = PBXFileReference; lastKnownFileType = folder.assetcatalog; path = "Preview Assets.xcassets"; sourceTree = "<group>"; };
		273AA6212BADCEF600385317 /* CinematrixTests.xctest */ = {isa = PBXFileReference; explicitFileType = wrapper.cfbundle; includeInIndex = 0; path = CinematrixTests.xctest; sourceTree = BUILT_PRODUCTS_DIR; };
		27C9BA672BADD8780068E9A4 /* MovieResponseDTO.swift */ = {isa = PBXFileReference; fileEncoding = 4; lastKnownFileType = sourcecode.swift; path = MovieResponseDTO.swift; sourceTree = "<group>"; };
		27C9BA6C2BADD88A0068E9A4 /* MovieSummary.swift */ = {isa = PBXFileReference; fileEncoding = 4; lastKnownFileType = sourcecode.swift; path = MovieSummary.swift; sourceTree = "<group>"; };
		27C9BA6E2BADD8B50068E9A4 /* NetworkClient.swift */ = {isa = PBXFileReference; fileEncoding = 4; lastKnownFileType = sourcecode.swift; path = NetworkClient.swift; sourceTree = "<group>"; };
		27C9BA6F2BADD8B50068E9A4 /* NetworkManager.swift */ = {isa = PBXFileReference; fileEncoding = 4; lastKnownFileType = sourcecode.swift; path = NetworkManager.swift; sourceTree = "<group>"; };
		27C9BA732BADDA0E0068E9A4 /* MovieClient.swift */ = {isa = PBXFileReference; lastKnownFileType = sourcecode.swift; path = MovieClient.swift; sourceTree = "<group>"; };
		27C9BA752BADDBA00068E9A4 /* ErrorResponseDTO.swift */ = {isa = PBXFileReference; lastKnownFileType = sourcecode.swift; path = ErrorResponseDTO.swift; sourceTree = "<group>"; };
		27C9BA772BADDBEA0068E9A4 /* PopularMovieCell.swift */ = {isa = PBXFileReference; fileEncoding = 4; lastKnownFileType = sourcecode.swift; path = PopularMovieCell.swift; sourceTree = "<group>"; };
		27C9BA792BADDC1F0068E9A4 /* PopularMovieListView.swift */ = {isa = PBXFileReference; fileEncoding = 4; lastKnownFileType = sourcecode.swift; path = PopularMovieListView.swift; sourceTree = "<group>"; };
		27C9BA7A2BADDC1F0068E9A4 /* PopularMoviesViewModel.swift */ = {isa = PBXFileReference; fileEncoding = 4; lastKnownFileType = sourcecode.swift; path = PopularMoviesViewModel.swift; sourceTree = "<group>"; };
		27C9BA842BADDCA80068E9A4 /* LazyImageWrapperView.swift */ = {isa = PBXFileReference; fileEncoding = 4; lastKnownFileType = sourcecode.swift; path = LazyImageWrapperView.swift; sourceTree = "<group>"; };
		27C9BA852BADDCA80068E9A4 /* PositionObservingView.swift */ = {isa = PBXFileReference; fileEncoding = 4; lastKnownFileType = sourcecode.swift; path = PositionObservingView.swift; sourceTree = "<group>"; };
		27C9BA8A2BADDCE10068E9A4 /* LozalizableStrings.swift */ = {isa = PBXFileReference; fileEncoding = 4; lastKnownFileType = sourcecode.swift; path = LozalizableStrings.swift; sourceTree = "<group>"; };
		27C9BA8D2BADDD590068E9A4 /* Localizable.xcstrings */ = {isa = PBXFileReference; lastKnownFileType = text.json.xcstrings; path = Localizable.xcstrings; sourceTree = "<group>"; };
		27C9BA8F2BADE07F0068E9A4 /* Info.plist */ = {isa = PBXFileReference; lastKnownFileType = text.plist; path = Info.plist; sourceTree = "<group>"; };
		27C9BA912BADF0CC0068E9A4 /* BaseRepository.swift */ = {isa = PBXFileReference; lastKnownFileType = sourcecode.swift; path = BaseRepository.swift; sourceTree = "<group>"; };
		27C9BA932BADF0D40068E9A4 /* Movie.swift */ = {isa = PBXFileReference; lastKnownFileType = sourcecode.swift; path = Movie.swift; sourceTree = "<group>"; };
		27C9BA952BADF1AC0068E9A4 /* MovieRepository.swift */ = {isa = PBXFileReference; lastKnownFileType = sourcecode.swift; path = MovieRepository.swift; sourceTree = "<group>"; };
		27C9BA982BADF81B0068E9A4 /* MovieService.swift */ = {isa = PBXFileReference; lastKnownFileType = sourcecode.swift; path = MovieService.swift; sourceTree = "<group>"; };
		27C9BA9E2BAE02EF0068E9A4 /* MovieListMetaData.swift */ = {isa = PBXFileReference; lastKnownFileType = sourcecode.swift; path = MovieListMetaData.swift; sourceTree = "<group>"; };
		27C9BAA02BAE048E0068E9A4 /* UserDefaultWrapper.swift */ = {isa = PBXFileReference; lastKnownFileType = sourcecode.swift; path = UserDefaultWrapper.swift; sourceTree = "<group>"; };
		27C9BAA32BAE090B0068E9A4 /* Cinematrix.xcdatamodel */ = {isa = PBXFileReference; lastKnownFileType = wrapper.xcdatamodel; path = Cinematrix.xcdatamodel; sourceTree = "<group>"; };
		27C9BAA62BAE16550068E9A4 /* MovieDetailsViewContent.swift */ = {isa = PBXFileReference; fileEncoding = 4; lastKnownFileType = sourcecode.swift; path = MovieDetailsViewContent.swift; sourceTree = "<group>"; };
		27C9BAA72BAE16550068E9A4 /* MovieDetailsViewModel.swift */ = {isa = PBXFileReference; fileEncoding = 4; lastKnownFileType = sourcecode.swift; path = MovieDetailsViewModel.swift; sourceTree = "<group>"; };
		27C9BAA92BAE16550068E9A4 /* MovieDetailsView.swift */ = {isa = PBXFileReference; fileEncoding = 4; lastKnownFileType = sourcecode.swift; path = MovieDetailsView.swift; sourceTree = "<group>"; };
		27C9BAAE2BAE16940068E9A4 /* MovieDetails.swift */ = {isa = PBXFileReference; fileEncoding = 4; lastKnownFileType = sourcecode.swift; path = MovieDetails.swift; sourceTree = "<group>"; };
		27C9BAB02BAE16B00068E9A4 /* MovieDetailsResponseDTO.swift */ = {isa = PBXFileReference; fileEncoding = 4; lastKnownFileType = sourcecode.swift; path = MovieDetailsResponseDTO.swift; sourceTree = "<group>"; };
		27C9BAB22BAE17920068E9A4 /* BorderedText.swift */ = {isa = PBXFileReference; lastKnownFileType = sourcecode.swift; path = BorderedText.swift; sourceTree = "<group>"; };
		27C9BAB42BAE41B70068E9A4 /* MovieCastListView.swift */ = {isa = PBXFileReference; lastKnownFileType = sourcecode.swift; path = MovieCastListView.swift; sourceTree = "<group>"; };
		27C9BAB62BAF323B0068E9A4 /* MovieBackdropsView.swift */ = {isa = PBXFileReference; lastKnownFileType = sourcecode.swift; path = MovieBackdropsView.swift; sourceTree = "<group>"; };
		27C9BAB82BAF33330068E9A4 /* MovieGeneralInfoView.swift */ = {isa = PBXFileReference; lastKnownFileType = sourcecode.swift; path = MovieGeneralInfoView.swift; sourceTree = "<group>"; };
		27C9BAC02BB077EE0068E9A4 /* PopularMoviesViewModelTests.swift */ = {isa = PBXFileReference; lastKnownFileType = sourcecode.swift; path = PopularMoviesViewModelTests.swift; sourceTree = "<group>"; };
		27C9BAC32BB081930068E9A4 /* MockMovieProvider.swift */ = {isa = PBXFileReference; lastKnownFileType = sourcecode.swift; path = MockMovieProvider.swift; sourceTree = "<group>"; };
/* End PBXFileReference section */

/* Begin PBXFrameworksBuildPhase section */
		273AA6082BADCEF500385317 /* Frameworks */ = {
			isa = PBXFrameworksBuildPhase;
			buildActionMask = 2147483647;
			files = (
				27C9BA7F2BADDC7A0068E9A4 /* Nuke in Frameworks */,
				27C9BA812BADDC7A0068E9A4 /* NukeUI in Frameworks */,
			);
			runOnlyForDeploymentPostprocessing = 0;
		};
		273AA61E2BADCEF600385317 /* Frameworks */ = {
			isa = PBXFrameworksBuildPhase;
			buildActionMask = 2147483647;
			files = (
			);
			runOnlyForDeploymentPostprocessing = 0;
		};
/* End PBXFrameworksBuildPhase section */

/* Begin PBXGroup section */
		2700B7982BB0821A007D2C3D /* MovieDetails */ = {
			isa = PBXGroup;
			children = (
				2700B7992BB0822B007D2C3D /* MovieDetailsViewModelTests.swift */,
			);
			path = MovieDetails;
			sourceTree = "<group>";
		};
		273AA6022BADCEF500385317 = {
			isa = PBXGroup;
			children = (
				273AA60D2BADCEF500385317 /* Cinematrix */,
				273AA6242BADCEF600385317 /* CinematrixTests */,
				273AA60C2BADCEF500385317 /* Products */,
			);
			sourceTree = "<group>";
		};
		273AA60C2BADCEF500385317 /* Products */ = {
			isa = PBXGroup;
			children = (
				273AA60B2BADCEF500385317 /* Cinematrix.app */,
				273AA6212BADCEF600385317 /* CinematrixTests.xctest */,
			);
			name = Products;
			sourceTree = "<group>";
		};
		273AA60D2BADCEF500385317 /* Cinematrix */ = {
			isa = PBXGroup;
			children = (
				27C9BA972BADF7DE0068E9A4 /* Services */,
				27C9BA902BADF0BB0068E9A4 /* CoreData */,
				27C9BA8F2BADE07F0068E9A4 /* Info.plist */,
				27C9BA8C2BADDD470068E9A4 /* Resources */,
				27C9BA892BADDCDA0068E9A4 /* Utils */,
				27C9BA822BADDC910068E9A4 /* Components */,
				27C9BA6B2BADD88A0068E9A4 /* Models */,
				27C9BA692BADD8820068E9A4 /* Features */,
				27C9BA652BADD8780068E9A4 /* Client */,
				273AA60E2BADCEF500385317 /* CinematrixApp.swift */,
				273AA6102BADCEF500385317 /* Persistence.swift */,
				273AA6192BADCEF600385317 /* Cinematrix.entitlements */,
				273AA61A2BADCEF600385317 /* Preview Content */,
			);
			path = Cinematrix;
			sourceTree = "<group>";
		};
		273AA61A2BADCEF600385317 /* Preview Content */ = {
			isa = PBXGroup;
			children = (
				273AA61B2BADCEF600385317 /* Preview Assets.xcassets */,
			);
			path = "Preview Content";
			sourceTree = "<group>";
		};
		273AA6242BADCEF600385317 /* CinematrixTests */ = {
			isa = PBXGroup;
			children = (
				27C9BAC22BB0818D0068E9A4 /* Mock */,
				27C9BABE2BB077D80068E9A4 /* Features */,
			);
			path = CinematrixTests;
			sourceTree = "<group>";
		};
		27C9BA652BADD8780068E9A4 /* Client */ = {
			isa = PBXGroup;
			children = (
				27C9BA6E2BADD8B50068E9A4 /* NetworkClient.swift */,
				27C9BA732BADDA0E0068E9A4 /* MovieClient.swift */,
				27C9BA6F2BADD8B50068E9A4 /* NetworkManager.swift */,
				27C9BA662BADD8780068E9A4 /* DTOs */,
			);
			path = Client;
			sourceTree = "<group>";
		};
		27C9BA662BADD8780068E9A4 /* DTOs */ = {
			isa = PBXGroup;
			children = (
				27C9BAB02BAE16B00068E9A4 /* MovieDetailsResponseDTO.swift */,
				27C9BA672BADD8780068E9A4 /* MovieResponseDTO.swift */,
				27C9BA752BADDBA00068E9A4 /* ErrorResponseDTO.swift */,
			);
			path = DTOs;
			sourceTree = "<group>";
		};
		27C9BA692BADD8820068E9A4 /* Features */ = {
			isa = PBXGroup;
			children = (
				27C9BAA52BAE15AD0068E9A4 /* MovieDetails */,
				27C9BA6A2BADD8820068E9A4 /* PopularMovies */,
			);
			path = Features;
			sourceTree = "<group>";
		};
		27C9BA6A2BADD8820068E9A4 /* PopularMovies */ = {
			isa = PBXGroup;
			children = (
				27C9BA772BADDBEA0068E9A4 /* PopularMovieCell.swift */,
				27C9BA792BADDC1F0068E9A4 /* PopularMovieListView.swift */,
				27C9BA7A2BADDC1F0068E9A4 /* PopularMoviesViewModel.swift */,
			);
			path = PopularMovies;
			sourceTree = "<group>";
		};
		27C9BA6B2BADD88A0068E9A4 /* Models */ = {
			isa = PBXGroup;
			children = (
				27C9BA9E2BAE02EF0068E9A4 /* MovieListMetaData.swift */,
				27C9BAAE2BAE16940068E9A4 /* MovieDetails.swift */,
				27C9BA6C2BADD88A0068E9A4 /* MovieSummary.swift */,
			);
			path = Models;
			sourceTree = "<group>";
		};
		27C9BA822BADDC910068E9A4 /* Components */ = {
			isa = PBXGroup;
			children = (
				27C9BA842BADDCA80068E9A4 /* LazyImageWrapperView.swift */,
				27C9BA852BADDCA80068E9A4 /* PositionObservingView.swift */,
				27C9BAB22BAE17920068E9A4 /* BorderedText.swift */,
			);
			path = Components;
			sourceTree = "<group>";
		};
		27C9BA892BADDCDA0068E9A4 /* Utils */ = {
			isa = PBXGroup;
			children = (
				27C9BA8A2BADDCE10068E9A4 /* LozalizableStrings.swift */,
				27C9BAA02BAE048E0068E9A4 /* UserDefaultWrapper.swift */,
			);
			path = Utils;
			sourceTree = "<group>";
		};
		27C9BA8C2BADDD470068E9A4 /* Resources */ = {
			isa = PBXGroup;
			children = (
				273AA6172BADCEF600385317 /* Assets.xcassets */,
				27C9BA8D2BADDD590068E9A4 /* Localizable.xcstrings */,
			);
			path = Resources;
			sourceTree = "<group>";
		};
		27C9BA902BADF0BB0068E9A4 /* CoreData */ = {
			isa = PBXGroup;
			children = (
				27C9BAA22BAE090B0068E9A4 /* Cinematrix.xcdatamodeld */,
				27C9BA912BADF0CC0068E9A4 /* BaseRepository.swift */,
				27C9BA932BADF0D40068E9A4 /* Movie.swift */,
				27C9BA952BADF1AC0068E9A4 /* MovieRepository.swift */,
			);
			path = CoreData;
			sourceTree = "<group>";
		};
		27C9BA972BADF7DE0068E9A4 /* Services */ = {
			isa = PBXGroup;
			children = (
				27C9BA982BADF81B0068E9A4 /* MovieService.swift */,
			);
			path = Services;
			sourceTree = "<group>";
		};
		27C9BAA52BAE15AD0068E9A4 /* MovieDetails */ = {
			isa = PBXGroup;
			children = (
				27C9BAB62BAF323B0068E9A4 /* MovieBackdropsView.swift */,
				27C9BAB42BAE41B70068E9A4 /* MovieCastListView.swift */,
				27C9BAA92BAE16550068E9A4 /* MovieDetailsView.swift */,
				27C9BAA62BAE16550068E9A4 /* MovieDetailsViewContent.swift */,
				27C9BAA72BAE16550068E9A4 /* MovieDetailsViewModel.swift */,
				27C9BAB82BAF33330068E9A4 /* MovieGeneralInfoView.swift */,
			);
			path = MovieDetails;
			sourceTree = "<group>";
		};
		27C9BABE2BB077D80068E9A4 /* Features */ = {
			isa = PBXGroup;
			children = (
				2700B7982BB0821A007D2C3D /* MovieDetails */,
				27C9BABF2BB077DD0068E9A4 /* PopularMovies */,
			);
			path = Features;
			sourceTree = "<group>";
		};
		27C9BABF2BB077DD0068E9A4 /* PopularMovies */ = {
			isa = PBXGroup;
			children = (
				27C9BAC02BB077EE0068E9A4 /* PopularMoviesViewModelTests.swift */,
			);
			path = PopularMovies;
			sourceTree = "<group>";
		};
		27C9BAC22BB0818D0068E9A4 /* Mock */ = {
			isa = PBXGroup;
			children = (
				27C9BAC32BB081930068E9A4 /* MockMovieProvider.swift */,
				2700B79B2BB0862C007D2C3D /* MovieClientMock.swift */,
			);
			path = Mock;
			sourceTree = "<group>";
		};
/* End PBXGroup section */

/* Begin PBXNativeTarget section */
		273AA60A2BADCEF500385317 /* Cinematrix */ = {
			isa = PBXNativeTarget;
			buildConfigurationList = 273AA6352BADCEF600385317 /* Build configuration list for PBXNativeTarget "Cinematrix" */;
			buildPhases = (
				273AA6072BADCEF500385317 /* Sources */,
				273AA6082BADCEF500385317 /* Frameworks */,
				273AA6092BADCEF500385317 /* Resources */,
			);
			buildRules = (
			);
			dependencies = (
			);
			name = Cinematrix;
			packageProductDependencies = (
				27C9BA7E2BADDC7A0068E9A4 /* Nuke */,
				27C9BA802BADDC7A0068E9A4 /* NukeUI */,
			);
			productName = Cinematrix;
			productReference = 273AA60B2BADCEF500385317 /* Cinematrix.app */;
			productType = "com.apple.product-type.application";
		};
		273AA6202BADCEF600385317 /* CinematrixTests */ = {
			isa = PBXNativeTarget;
			buildConfigurationList = 273AA6382BADCEF600385317 /* Build configuration list for PBXNativeTarget "CinematrixTests" */;
			buildPhases = (
				273AA61D2BADCEF600385317 /* Sources */,
				273AA61E2BADCEF600385317 /* Frameworks */,
				273AA61F2BADCEF600385317 /* Resources */,
			);
			buildRules = (
			);
			dependencies = (
				273AA6232BADCEF600385317 /* PBXTargetDependency */,
			);
			name = CinematrixTests;
			productName = CinematrixTests;
			productReference = 273AA6212BADCEF600385317 /* CinematrixTests.xctest */;
			productType = "com.apple.product-type.bundle.unit-test";
		};
/* End PBXNativeTarget section */

/* Begin PBXProject section */
		273AA6032BADCEF500385317 /* Project object */ = {
			isa = PBXProject;
			attributes = {
				BuildIndependentTargetsInParallel = 1;
				LastSwiftUpdateCheck = 1520;
				LastUpgradeCheck = 1520;
				TargetAttributes = {
					273AA60A2BADCEF500385317 = {
						CreatedOnToolsVersion = 15.2;
					};
					273AA6202BADCEF600385317 = {
						CreatedOnToolsVersion = 15.2;
						TestTargetID = 273AA60A2BADCEF500385317;
					};
				};
			};
			buildConfigurationList = 273AA6062BADCEF500385317 /* Build configuration list for PBXProject "Cinematrix" */;
			compatibilityVersion = "Xcode 14.0";
			developmentRegion = en;
			hasScannedForEncodings = 0;
			knownRegions = (
				en,
				Base,
			);
			mainGroup = 273AA6022BADCEF500385317;
			packageReferences = (
				27C9BA7D2BADDC7A0068E9A4 /* XCRemoteSwiftPackageReference "Nuke" */,
			);
			productRefGroup = 273AA60C2BADCEF500385317 /* Products */;
			projectDirPath = "";
			projectRoot = "";
			targets = (
				273AA60A2BADCEF500385317 /* Cinematrix */,
				273AA6202BADCEF600385317 /* CinematrixTests */,
			);
		};
/* End PBXProject section */

/* Begin PBXResourcesBuildPhase section */
		273AA6092BADCEF500385317 /* Resources */ = {
			isa = PBXResourcesBuildPhase;
			buildActionMask = 2147483647;
			files = (
				273AA61C2BADCEF600385317 /* Preview Assets.xcassets in Resources */,
				273AA6182BADCEF600385317 /* Assets.xcassets in Resources */,
				27C9BA8E2BADDD590068E9A4 /* Localizable.xcstrings in Resources */,
			);
			runOnlyForDeploymentPostprocessing = 0;
		};
		273AA61F2BADCEF600385317 /* Resources */ = {
			isa = PBXResourcesBuildPhase;
			buildActionMask = 2147483647;
			files = (
			);
			runOnlyForDeploymentPostprocessing = 0;
		};
/* End PBXResourcesBuildPhase section */

/* Begin PBXSourcesBuildPhase section */
		273AA6072BADCEF500385317 /* Sources */ = {
			isa = PBXSourcesBuildPhase;
			buildActionMask = 2147483647;
			files = (
				27C9BAB72BAF323B0068E9A4 /* MovieBackdropsView.swift in Sources */,
				27C9BAB12BAE16B00068E9A4 /* MovieDetailsResponseDTO.swift in Sources */,
				27C9BA682BADD8780068E9A4 /* MovieResponseDTO.swift in Sources */,
				27C9BA742BADDA0E0068E9A4 /* MovieClient.swift in Sources */,
				27C9BA9F2BAE02EF0068E9A4 /* MovieListMetaData.swift in Sources */,
				27C9BAAF2BAE16940068E9A4 /* MovieDetails.swift in Sources */,
				27C9BA942BADF0D40068E9A4 /* Movie.swift in Sources */,
				27C9BAAD2BAE16550068E9A4 /* MovieDetailsView.swift in Sources */,
				27C9BAB92BAF33330068E9A4 /* MovieGeneralInfoView.swift in Sources */,
				27C9BAB52BAE41B70068E9A4 /* MovieCastListView.swift in Sources */,
				27C9BA702BADD8B50068E9A4 /* NetworkClient.swift in Sources */,
				27C9BA7B2BADDC1F0068E9A4 /* PopularMovieListView.swift in Sources */,
				27C9BAAB2BAE16550068E9A4 /* MovieDetailsViewModel.swift in Sources */,
				27C9BAB32BAE17920068E9A4 /* BorderedText.swift in Sources */,
				27C9BA762BADDBA00068E9A4 /* ErrorResponseDTO.swift in Sources */,
				27C9BA882BADDCA80068E9A4 /* PositionObservingView.swift in Sources */,
				27C9BA8B2BADDCE10068E9A4 /* LozalizableStrings.swift in Sources */,
				27C9BA962BADF1AC0068E9A4 /* MovieRepository.swift in Sources */,
				27C9BA922BADF0CC0068E9A4 /* BaseRepository.swift in Sources */,
				27C9BA872BADDCA80068E9A4 /* LazyImageWrapperView.swift in Sources */,
				27C9BA7C2BADDC1F0068E9A4 /* PopularMoviesViewModel.swift in Sources */,
				273AA60F2BADCEF500385317 /* CinematrixApp.swift in Sources */,
				27C9BAAA2BAE16550068E9A4 /* MovieDetailsViewContent.swift in Sources */,
				27C9BAA42BAE090B0068E9A4 /* Cinematrix.xcdatamodeld in Sources */,
				273AA6112BADCEF500385317 /* Persistence.swift in Sources */,
				27C9BA992BADF81B0068E9A4 /* MovieService.swift in Sources */,
				27C9BAA12BAE048E0068E9A4 /* UserDefaultWrapper.swift in Sources */,
				27C9BA782BADDBEA0068E9A4 /* PopularMovieCell.swift in Sources */,
				27C9BA712BADD8B50068E9A4 /* NetworkManager.swift in Sources */,
				27C9BA6D2BADD88A0068E9A4 /* MovieSummary.swift in Sources */,
			);
			runOnlyForDeploymentPostprocessing = 0;
		};
		273AA61D2BADCEF600385317 /* Sources */ = {
			isa = PBXSourcesBuildPhase;
			buildActionMask = 2147483647;
			files = (
				27C9BAC42BB081930068E9A4 /* MockMovieProvider.swift in Sources */,
				2700B79C2BB0862C007D2C3D /* MovieClientMock.swift in Sources */,
				27C9BAC12BB077EF0068E9A4 /* PopularMoviesViewModelTests.swift in Sources */,
				2700B79A2BB0822B007D2C3D /* MovieDetailsViewModelTests.swift in Sources */,
			);
			runOnlyForDeploymentPostprocessing = 0;
		};
/* End PBXSourcesBuildPhase section */

/* Begin PBXTargetDependency section */
		273AA6232BADCEF600385317 /* PBXTargetDependency */ = {
			isa = PBXTargetDependency;
			target = 273AA60A2BADCEF500385317 /* Cinematrix */;
			targetProxy = 273AA6222BADCEF600385317 /* PBXContainerItemProxy */;
		};
/* End PBXTargetDependency section */

/* Begin XCBuildConfiguration section */
		273AA6332BADCEF600385317 /* Debug */ = {
			isa = XCBuildConfiguration;
			buildSettings = {
				ALWAYS_SEARCH_USER_PATHS = NO;
				ASSETCATALOG_COMPILER_GENERATE_SWIFT_ASSET_SYMBOL_EXTENSIONS = YES;
				CLANG_ANALYZER_NONNULL = YES;
				CLANG_ANALYZER_NUMBER_OBJECT_CONVERSION = YES_AGGRESSIVE;
				CLANG_CXX_LANGUAGE_STANDARD = "gnu++20";
				CLANG_ENABLE_MODULES = YES;
				CLANG_ENABLE_OBJC_ARC = YES;
				CLANG_ENABLE_OBJC_WEAK = YES;
				CLANG_WARN_BLOCK_CAPTURE_AUTORELEASING = YES;
				CLANG_WARN_BOOL_CONVERSION = YES;
				CLANG_WARN_COMMA = YES;
				CLANG_WARN_CONSTANT_CONVERSION = YES;
				CLANG_WARN_DEPRECATED_OBJC_IMPLEMENTATIONS = YES;
				CLANG_WARN_DIRECT_OBJC_ISA_USAGE = YES_ERROR;
				CLANG_WARN_DOCUMENTATION_COMMENTS = YES;
				CLANG_WARN_EMPTY_BODY = YES;
				CLANG_WARN_ENUM_CONVERSION = YES;
				CLANG_WARN_INFINITE_RECURSION = YES;
				CLANG_WARN_INT_CONVERSION = YES;
				CLANG_WARN_NON_LITERAL_NULL_CONVERSION = YES;
				CLANG_WARN_OBJC_IMPLICIT_RETAIN_SELF = YES;
				CLANG_WARN_OBJC_LITERAL_CONVERSION = YES;
				CLANG_WARN_OBJC_ROOT_CLASS = YES_ERROR;
				CLANG_WARN_QUOTED_INCLUDE_IN_FRAMEWORK_HEADER = YES;
				CLANG_WARN_RANGE_LOOP_ANALYSIS = YES;
				CLANG_WARN_STRICT_PROTOTYPES = YES;
				CLANG_WARN_SUSPICIOUS_MOVE = YES;
				CLANG_WARN_UNGUARDED_AVAILABILITY = YES_AGGRESSIVE;
				CLANG_WARN_UNREACHABLE_CODE = YES;
				CLANG_WARN__DUPLICATE_METHOD_MATCH = YES;
				COPY_PHASE_STRIP = NO;
				DEBUG_INFORMATION_FORMAT = dwarf;
				ENABLE_STRICT_OBJC_MSGSEND = YES;
				ENABLE_TESTABILITY = YES;
				ENABLE_USER_SCRIPT_SANDBOXING = YES;
				GCC_C_LANGUAGE_STANDARD = gnu17;
				GCC_DYNAMIC_NO_PIC = NO;
				GCC_NO_COMMON_BLOCKS = YES;
				GCC_OPTIMIZATION_LEVEL = 0;
				GCC_PREPROCESSOR_DEFINITIONS = (
					"DEBUG=1",
					"$(inherited)",
				);
				GCC_WARN_64_TO_32_BIT_CONVERSION = YES;
				GCC_WARN_ABOUT_RETURN_TYPE = YES_ERROR;
				GCC_WARN_UNDECLARED_SELECTOR = YES;
				GCC_WARN_UNINITIALIZED_AUTOS = YES_AGGRESSIVE;
				GCC_WARN_UNUSED_FUNCTION = YES;
				GCC_WARN_UNUSED_VARIABLE = YES;
				LOCALIZATION_PREFERS_STRING_CATALOGS = YES;
				MTL_ENABLE_DEBUG_INFO = INCLUDE_SOURCE;
				MTL_FAST_MATH = YES;
				ONLY_ACTIVE_ARCH = YES;
				SWIFT_ACTIVE_COMPILATION_CONDITIONS = "DEBUG $(inherited)";
				SWIFT_OPTIMIZATION_LEVEL = "-Onone";
			};
			name = Debug;
		};
		273AA6342BADCEF600385317 /* Release */ = {
			isa = XCBuildConfiguration;
			buildSettings = {
				ALWAYS_SEARCH_USER_PATHS = NO;
				ASSETCATALOG_COMPILER_GENERATE_SWIFT_ASSET_SYMBOL_EXTENSIONS = YES;
				CLANG_ANALYZER_NONNULL = YES;
				CLANG_ANALYZER_NUMBER_OBJECT_CONVERSION = YES_AGGRESSIVE;
				CLANG_CXX_LANGUAGE_STANDARD = "gnu++20";
				CLANG_ENABLE_MODULES = YES;
				CLANG_ENABLE_OBJC_ARC = YES;
				CLANG_ENABLE_OBJC_WEAK = YES;
				CLANG_WARN_BLOCK_CAPTURE_AUTORELEASING = YES;
				CLANG_WARN_BOOL_CONVERSION = YES;
				CLANG_WARN_COMMA = YES;
				CLANG_WARN_CONSTANT_CONVERSION = YES;
				CLANG_WARN_DEPRECATED_OBJC_IMPLEMENTATIONS = YES;
				CLANG_WARN_DIRECT_OBJC_ISA_USAGE = YES_ERROR;
				CLANG_WARN_DOCUMENTATION_COMMENTS = YES;
				CLANG_WARN_EMPTY_BODY = YES;
				CLANG_WARN_ENUM_CONVERSION = YES;
				CLANG_WARN_INFINITE_RECURSION = YES;
				CLANG_WARN_INT_CONVERSION = YES;
				CLANG_WARN_NON_LITERAL_NULL_CONVERSION = YES;
				CLANG_WARN_OBJC_IMPLICIT_RETAIN_SELF = YES;
				CLANG_WARN_OBJC_LITERAL_CONVERSION = YES;
				CLANG_WARN_OBJC_ROOT_CLASS = YES_ERROR;
				CLANG_WARN_QUOTED_INCLUDE_IN_FRAMEWORK_HEADER = YES;
				CLANG_WARN_RANGE_LOOP_ANALYSIS = YES;
				CLANG_WARN_STRICT_PROTOTYPES = YES;
				CLANG_WARN_SUSPICIOUS_MOVE = YES;
				CLANG_WARN_UNGUARDED_AVAILABILITY = YES_AGGRESSIVE;
				CLANG_WARN_UNREACHABLE_CODE = YES;
				CLANG_WARN__DUPLICATE_METHOD_MATCH = YES;
				COPY_PHASE_STRIP = NO;
				DEBUG_INFORMATION_FORMAT = "dwarf-with-dsym";
				ENABLE_NS_ASSERTIONS = NO;
				ENABLE_STRICT_OBJC_MSGSEND = YES;
				ENABLE_USER_SCRIPT_SANDBOXING = YES;
				GCC_C_LANGUAGE_STANDARD = gnu17;
				GCC_NO_COMMON_BLOCKS = YES;
				GCC_WARN_64_TO_32_BIT_CONVERSION = YES;
				GCC_WARN_ABOUT_RETURN_TYPE = YES_ERROR;
				GCC_WARN_UNDECLARED_SELECTOR = YES;
				GCC_WARN_UNINITIALIZED_AUTOS = YES_AGGRESSIVE;
				GCC_WARN_UNUSED_FUNCTION = YES;
				GCC_WARN_UNUSED_VARIABLE = YES;
				LOCALIZATION_PREFERS_STRING_CATALOGS = YES;
				MTL_ENABLE_DEBUG_INFO = NO;
				MTL_FAST_MATH = YES;
				SWIFT_COMPILATION_MODE = wholemodule;
			};
			name = Release;
		};
		273AA6362BADCEF600385317 /* Debug */ = {
			isa = XCBuildConfiguration;
			buildSettings = {
				ASSETCATALOG_COMPILER_APPICON_NAME = AppIcon;
				ASSETCATALOG_COMPILER_GLOBAL_ACCENT_COLOR_NAME = AccentColor;
				CODE_SIGN_ENTITLEMENTS = Cinematrix/Cinematrix.entitlements;
				CODE_SIGN_STYLE = Automatic;
				CURRENT_PROJECT_VERSION = 1;
				DEVELOPMENT_ASSET_PATHS = "\"Cinematrix/Preview Content\"";
				ENABLE_PREVIEWS = YES;
				GENERATE_INFOPLIST_FILE = YES;
				INFOPLIST_FILE = Cinematrix/Info.plist;
				"INFOPLIST_KEY_UIApplicationSceneManifest_Generation[sdk=iphoneos*]" = YES;
				"INFOPLIST_KEY_UIApplicationSceneManifest_Generation[sdk=iphonesimulator*]" = YES;
				"INFOPLIST_KEY_UIApplicationSupportsIndirectInputEvents[sdk=iphoneos*]" = YES;
				"INFOPLIST_KEY_UIApplicationSupportsIndirectInputEvents[sdk=iphonesimulator*]" = YES;
				"INFOPLIST_KEY_UILaunchScreen_Generation[sdk=iphoneos*]" = YES;
				"INFOPLIST_KEY_UILaunchScreen_Generation[sdk=iphonesimulator*]" = YES;
				INFOPLIST_KEY_UIStatusBarStyle = "";
				"INFOPLIST_KEY_UIStatusBarStyle[sdk=iphoneos*]" = UIStatusBarStyleDefault;
				"INFOPLIST_KEY_UIStatusBarStyle[sdk=iphonesimulator*]" = UIStatusBarStyleDefault;
				INFOPLIST_KEY_UISupportedInterfaceOrientations = UIInterfaceOrientationPortrait;
				INFOPLIST_KEY_UISupportedInterfaceOrientations_iPad = "UIInterfaceOrientationLandscapeLeft UIInterfaceOrientationLandscapeRight UIInterfaceOrientationPortrait UIInterfaceOrientationPortraitUpsideDown";
				IPHONEOS_DEPLOYMENT_TARGET = 16.0;
				LD_RUNPATH_SEARCH_PATHS = "@executable_path/Frameworks";
				"LD_RUNPATH_SEARCH_PATHS[sdk=macosx*]" = "@executable_path/../Frameworks";
				MACOSX_DEPLOYMENT_TARGET = 14.2;
				MARKETING_VERSION = 1.0;
				MOVIE_API_KEY = bf718d4dd8b23985d9c3edbcfd440a27;
				MOVIE_BASE_URL = "https://api.themoviedb.org/3/";
				MOVIE_IMAGE_BASE_URL = "https://image.tmdb.org/t/p";
				PRODUCT_BUNDLE_IDENTIFIER = "-324.Cinematrix";
				PRODUCT_NAME = "$(TARGET_NAME)";
				SDKROOT = auto;
				SUPPORTED_PLATFORMS = "iphoneos iphonesimulator";
				SUPPORTS_MACCATALYST = NO;
				SWIFT_EMIT_LOC_STRINGS = YES;
				SWIFT_VERSION = 5.0;
				TARGETED_DEVICE_FAMILY = 1;
			};
			name = Debug;
		};
		273AA6372BADCEF600385317 /* Release */ = {
			isa = XCBuildConfiguration;
			buildSettings = {
				ASSETCATALOG_COMPILER_APPICON_NAME = AppIcon;
				ASSETCATALOG_COMPILER_GLOBAL_ACCENT_COLOR_NAME = AccentColor;
				CODE_SIGN_ENTITLEMENTS = Cinematrix/Cinematrix.entitlements;
				CODE_SIGN_STYLE = Automatic;
				CURRENT_PROJECT_VERSION = 1;
				DEVELOPMENT_ASSET_PATHS = "\"Cinematrix/Preview Content\"";
				ENABLE_PREVIEWS = YES;
				GENERATE_INFOPLIST_FILE = YES;
				INFOPLIST_FILE = Cinematrix/Info.plist;
				"INFOPLIST_KEY_UIApplicationSceneManifest_Generation[sdk=iphoneos*]" = YES;
				"INFOPLIST_KEY_UIApplicationSceneManifest_Generation[sdk=iphonesimulator*]" = YES;
				"INFOPLIST_KEY_UIApplicationSupportsIndirectInputEvents[sdk=iphoneos*]" = YES;
				"INFOPLIST_KEY_UIApplicationSupportsIndirectInputEvents[sdk=iphonesimulator*]" = YES;
				"INFOPLIST_KEY_UILaunchScreen_Generation[sdk=iphoneos*]" = YES;
				"INFOPLIST_KEY_UILaunchScreen_Generation[sdk=iphonesimulator*]" = YES;
				INFOPLIST_KEY_UIStatusBarStyle = "";
				"INFOPLIST_KEY_UIStatusBarStyle[sdk=iphoneos*]" = UIStatusBarStyleDefault;
				"INFOPLIST_KEY_UIStatusBarStyle[sdk=iphonesimulator*]" = UIStatusBarStyleDefault;
				INFOPLIST_KEY_UISupportedInterfaceOrientations = UIInterfaceOrientationPortrait;
				INFOPLIST_KEY_UISupportedInterfaceOrientations_iPad = "UIInterfaceOrientationLandscapeLeft UIInterfaceOrientationLandscapeRight UIInterfaceOrientationPortrait UIInterfaceOrientationPortraitUpsideDown";
				IPHONEOS_DEPLOYMENT_TARGET = 16.0;
				LD_RUNPATH_SEARCH_PATHS = "@executable_path/Frameworks";
				"LD_RUNPATH_SEARCH_PATHS[sdk=macosx*]" = "@executable_path/../Frameworks";
				MACOSX_DEPLOYMENT_TARGET = 14.2;
				MARKETING_VERSION = 1.0;
				MOVIE_API_KEY = bf718d4dd8b23985d9c3edbcfd440a27;
				MOVIE_BASE_URL = "https://api.themoviedb.org/3/";
				MOVIE_IMAGE_BASE_URL = "https://image.tmdb.org/t/p";
				PRODUCT_BUNDLE_IDENTIFIER = "-324.Cinematrix";
				PRODUCT_NAME = "$(TARGET_NAME)";
				SDKROOT = auto;
				SUPPORTED_PLATFORMS = "iphoneos iphonesimulator";
				SUPPORTS_MACCATALYST = NO;
				SWIFT_EMIT_LOC_STRINGS = YES;
				SWIFT_VERSION = 5.0;
				TARGETED_DEVICE_FAMILY = 1;
			};
			name = Release;
		};
		273AA6392BADCEF600385317 /* Debug */ = {
			isa = XCBuildConfiguration;
			buildSettings = {
				ALWAYS_EMBED_SWIFT_STANDARD_LIBRARIES = YES;
				BUNDLE_LOADER = "$(TEST_HOST)";
				CODE_SIGN_STYLE = Automatic;
				CURRENT_PROJECT_VERSION = 1;
				GENERATE_INFOPLIST_FILE = YES;
				IPHONEOS_DEPLOYMENT_TARGET = 17.2;
				MACOSX_DEPLOYMENT_TARGET = 14.2;
				MARKETING_VERSION = 1.0;
				PRODUCT_BUNDLE_IDENTIFIER = "-324.CinematrixTests";
				PRODUCT_NAME = "$(TARGET_NAME)";
				SDKROOT = auto;
				SUPPORTED_PLATFORMS = "iphoneos iphonesimulator macosx";
				SWIFT_EMIT_LOC_STRINGS = NO;
				SWIFT_VERSION = 5.0;
				TARGETED_DEVICE_FAMILY = "1,2";
				TEST_HOST = "$(BUILT_PRODUCTS_DIR)/Cinematrix.app/$(BUNDLE_EXECUTABLE_FOLDER_PATH)/Cinematrix";
			};
			name = Debug;
		};
		273AA63A2BADCEF600385317 /* Release */ = {
			isa = XCBuildConfiguration;
			buildSettings = {
				ALWAYS_EMBED_SWIFT_STANDARD_LIBRARIES = YES;
				BUNDLE_LOADER = "$(TEST_HOST)";
				CODE_SIGN_STYLE = Automatic;
				CURRENT_PROJECT_VERSION = 1;
				GENERATE_INFOPLIST_FILE = YES;
				IPHONEOS_DEPLOYMENT_TARGET = 17.2;
				MACOSX_DEPLOYMENT_TARGET = 14.2;
				MARKETING_VERSION = 1.0;
				PRODUCT_BUNDLE_IDENTIFIER = "-324.CinematrixTests";
				PRODUCT_NAME = "$(TARGET_NAME)";
				SDKROOT = auto;
				SUPPORTED_PLATFORMS = "iphoneos iphonesimulator macosx";
				SWIFT_EMIT_LOC_STRINGS = NO;
				SWIFT_VERSION = 5.0;
				TARGETED_DEVICE_FAMILY = "1,2";
				TEST_HOST = "$(BUILT_PRODUCTS_DIR)/Cinematrix.app/$(BUNDLE_EXECUTABLE_FOLDER_PATH)/Cinematrix";
			};
			name = Release;
		};
/* End XCBuildConfiguration section */

/* Begin XCConfigurationList section */
		273AA6062BADCEF500385317 /* Build configuration list for PBXProject "Cinematrix" */ = {
			isa = XCConfigurationList;
			buildConfigurations = (
				273AA6332BADCEF600385317 /* Debug */,
				273AA6342BADCEF600385317 /* Release */,
			);
			defaultConfigurationIsVisible = 0;
			defaultConfigurationName = Release;
		};
		273AA6352BADCEF600385317 /* Build configuration list for PBXNativeTarget "Cinematrix" */ = {
			isa = XCConfigurationList;
			buildConfigurations = (
				273AA6362BADCEF600385317 /* Debug */,
				273AA6372BADCEF600385317 /* Release */,
			);
			defaultConfigurationIsVisible = 0;
			defaultConfigurationName = Release;
		};
		273AA6382BADCEF600385317 /* Build configuration list for PBXNativeTarget "CinematrixTests" */ = {
			isa = XCConfigurationList;
			buildConfigurations = (
				273AA6392BADCEF600385317 /* Debug */,
				273AA63A2BADCEF600385317 /* Release */,
			);
			defaultConfigurationIsVisible = 0;
			defaultConfigurationName = Release;
		};
/* End XCConfigurationList section */

/* Begin XCRemoteSwiftPackageReference section */
		27C9BA7D2BADDC7A0068E9A4 /* XCRemoteSwiftPackageReference "Nuke" */ = {
			isa = XCRemoteSwiftPackageReference;
			repositoryURL = "https://github.com/kean/Nuke";
			requirement = {
				kind = upToNextMajorVersion;
				minimumVersion = 12.4.0;
			};
		};
/* End XCRemoteSwiftPackageReference section */

/* Begin XCSwiftPackageProductDependency section */
		27C9BA7E2BADDC7A0068E9A4 /* Nuke */ = {
			isa = XCSwiftPackageProductDependency;
			package = 27C9BA7D2BADDC7A0068E9A4 /* XCRemoteSwiftPackageReference "Nuke" */;
			productName = Nuke;
		};
		27C9BA802BADDC7A0068E9A4 /* NukeUI */ = {
			isa = XCSwiftPackageProductDependency;
			package = 27C9BA7D2BADDC7A0068E9A4 /* XCRemoteSwiftPackageReference "Nuke" */;
			productName = NukeUI;
		};
/* End XCSwiftPackageProductDependency section */

/* Begin XCVersionGroup section */
		27C9BAA22BAE090B0068E9A4 /* Cinematrix.xcdatamodeld */ = {
			isa = XCVersionGroup;
			children = (
				27C9BAA32BAE090B0068E9A4 /* Cinematrix.xcdatamodel */,
			);
			currentVersion = 27C9BAA32BAE090B0068E9A4 /* Cinematrix.xcdatamodel */;
			path = Cinematrix.xcdatamodeld;
			sourceTree = "<group>";
			versionGroupType = wrapper.xcdatamodel;
		};
/* End XCVersionGroup section */
	};
	rootObject = 273AA6032BADCEF500385317 /* Project object */;
}
